
Microsoft Visual Studio Solution File, Format Version 12.00
# Visual Studio Version 16
VisualStudioVersion = 16.0.30621.155
MinimumVisualStudioVersion = 10.0.40219.1
Project("{9A19103F-16F7-4668-BE54-9A1E7A4F7556}") = "suduko", "suduko\suduko.csproj", "{6C500B5A-A627-4E56-98AF-DC79FECA00CF}"
EndProject
Project("{FAE04EC0-301F-11D3-BF4B-00C04F79EFBC}") = "sudukoTests", "sudukoTests\sudukoTests.csproj", "{81353C07-70AA-4F4B-971F-EA55DBF03FF9}"
EndProject
Global
	GlobalSection(SolutionConfigurationPlatforms) = preSolution
		Debug|Any CPU = Debug|Any CPU
		Release|Any CPU = Release|Any CPU
	EndGlobalSection
	GlobalSection(ProjectConfigurationPlatforms) = postSolution
		{6C500B5A-A627-4E56-98AF-DC79FECA00CF}.Debug|Any CPU.ActiveCfg = Debug|Any CPU
		{6C500B5A-A627-4E56-98AF-DC79FECA00CF}.Debug|Any CPU.Build.0 = Debug|Any CPU
		{6C500B5A-A627-4E56-98AF-DC79FECA00CF}.Release|Any CPU.ActiveCfg = Release|Any CPU
		{6C500B5A-A627-4E56-98AF-DC79FECA00CF}.Release|Any CPU.Build.0 = Release|Any CPU
		{81353C07-70AA-4F4B-971F-EA55DBF03FF9}.Debug|Any CPU.ActiveCfg = Debug|Any CPU
		{81353C07-70AA-4F4B-971F-EA55DBF03FF9}.Debug|Any CPU.Build.0 = Debug|Any CPU
		{81353C07-70AA-4F4B-971F-EA55DBF03FF9}.Release|Any CPU.ActiveCfg = Release|Any CPU
		{81353C07-70AA-4F4B-971F-EA55DBF03FF9}.Release|Any CPU.Build.0 = Release|Any CPU
	EndGlobalSection
	GlobalSection(SolutionProperties) = preSolution
		HideSolutionNode = FALSE
	EndGlobalSection
	GlobalSection(ExtensibilityGlobals) = postSolution
		SolutionGuid = {313E7163-9EAD-43D3-86FB-1AAD8BBD6965}
	EndGlobalSection
EndGlobal
